// !$*UTF8*$!
{
	archiveVersion = 1;
	classes = {
	};
	objectVersion = 56;
	objects = {

/* Begin PBXBuildFile section */
		A500ACDE2A6A4CEB00FAA79B /* AppDelegate.swift in Sources */ = {isa = PBXBuildFile; fileRef = A500ACDD2A6A4CEB00FAA79B /* AppDelegate.swift */; };
		A500ACE02A6A4CEB00FAA79B /* SceneDelegate.swift in Sources */ = {isa = PBXBuildFile; fileRef = A500ACDF2A6A4CEB00FAA79B /* SceneDelegate.swift */; };
		A500ACE72A6A4CEB00FAA79B /* Assets.xcassets in Resources */ = {isa = PBXBuildFile; fileRef = A500ACE62A6A4CEB00FAA79B /* Assets.xcassets */; };
		A500ACEA2A6A4CEB00FAA79B /* LaunchScreen.storyboard in Resources */ = {isa = PBXBuildFile; fileRef = A500ACE82A6A4CEB00FAA79B /* LaunchScreen.storyboard */; };
		A52BA6592A6A56D300D9F90F /* DavidViewController.swift in Sources */ = {isa = PBXBuildFile; fileRef = A52BA6522A6A56D300D9F90F /* DavidViewController.swift */; };
		A52BA65A2A6A56D300D9F90F /* DavidView.swift in Sources */ = {isa = PBXBuildFile; fileRef = A52BA6532A6A56D300D9F90F /* DavidView.swift */; };
		A52BA65B2A6A56D300D9F90F /* GuideViewModel.swift in Sources */ = {isa = PBXBuildFile; fileRef = A52BA6552A6A56D300D9F90F /* GuideViewModel.swift */; };
		A52BA65C2A6A56D300D9F90F /* GuideViewController.swift in Sources */ = {isa = PBXBuildFile; fileRef = A52BA6562A6A56D300D9F90F /* GuideViewController.swift */; };
		A52BA65D2A6A56D300D9F90F /* GuideView.swift in Sources */ = {isa = PBXBuildFile; fileRef = A52BA6572A6A56D300D9F90F /* GuideView.swift */; };
		A52BA65E2A6A56D300D9F90F /* DavidViewModel.swift in Sources */ = {isa = PBXBuildFile; fileRef = A52BA6582A6A56D300D9F90F /* DavidViewModel.swift */; };
		A52BA6602A6A56FE00D9F90F /* MainView.swift in Sources */ = {isa = PBXBuildFile; fileRef = A52BA65F2A6A56FE00D9F90F /* MainView.swift */; };
		A52BA6622A6A571400D9F90F /* MainViewController.swift in Sources */ = {isa = PBXBuildFile; fileRef = A52BA6612A6A571400D9F90F /* MainViewController.swift */; };
		A52BA6642A6A572100D9F90F /* MainViewModel.swift in Sources */ = {isa = PBXBuildFile; fileRef = A52BA6632A6A572100D9F90F /* MainViewModel.swift */; };
		A562910E2A6C10DA0003ED1A /* FirebaseAnalyticsSwift in Frameworks */ = {isa = PBXBuildFile; productRef = A562910D2A6C10DA0003ED1A /* FirebaseAnalyticsSwift */; };
		A56291102A6C10DA0003ED1A /* FirebaseAuth in Frameworks */ = {isa = PBXBuildFile; productRef = A562910F2A6C10DA0003ED1A /* FirebaseAuth */; };
		A56291122A6C10DA0003ED1A /* FirebaseCrashlytics in Frameworks */ = {isa = PBXBuildFile; productRef = A56291112A6C10DA0003ED1A /* FirebaseCrashlytics */; };
		A56291142A6C10DA0003ED1A /* FirebaseFirestoreSwift in Frameworks */ = {isa = PBXBuildFile; productRef = A56291132A6C10DA0003ED1A /* FirebaseFirestoreSwift */; };
		A56291162A6C10DA0003ED1A /* FirebaseStorage in Frameworks */ = {isa = PBXBuildFile; productRef = A56291152A6C10DA0003ED1A /* FirebaseStorage */; };
		A56291192A6C111B0003ED1A /* Swinject in Frameworks */ = {isa = PBXBuildFile; productRef = A56291182A6C111B0003ED1A /* Swinject */; };
		A562912F2A6C128E0003ED1A /* RxBlocking in Frameworks */ = {isa = PBXBuildFile; productRef = A562912E2A6C128E0003ED1A /* RxBlocking */; };
		A56291312A6C128E0003ED1A /* RxCocoa in Frameworks */ = {isa = PBXBuildFile; productRef = A56291302A6C128E0003ED1A /* RxCocoa */; };
		A56291332A6C128E0003ED1A /* RxRelay in Frameworks */ = {isa = PBXBuildFile; productRef = A56291322A6C128E0003ED1A /* RxRelay */; };
		A56291352A6C128E0003ED1A /* RxSwift in Frameworks */ = {isa = PBXBuildFile; productRef = A56291342A6C128E0003ED1A /* RxSwift */; };
		A56291382A6C130E0003ED1A /* DavidButton.swift in Sources */ = {isa = PBXBuildFile; fileRef = A56291372A6C130E0003ED1A /* DavidButton.swift */; };
		A562913A2A6C134C0003ED1A /* DavidDivider.swift in Sources */ = {isa = PBXBuildFile; fileRef = A56291392A6C134C0003ED1A /* DavidDivider.swift */; };
		A562913C2A6C16940003ED1A /* DavidLabel.swift in Sources */ = {isa = PBXBuildFile; fileRef = A562913B2A6C16940003ED1A /* DavidLabel.swift */; };
		A562913F2A6C19EB0003ED1A /* DavidAssets.swift in Sources */ = {isa = PBXBuildFile; fileRef = A562913E2A6C19EB0003ED1A /* DavidAssets.swift */; };
/* End PBXBuildFile section */

/* Begin PBXCopyFilesBuildPhase section */
		A562911E2A6C11BA0003ED1A /* Embed Frameworks */ = {
			isa = PBXCopyFilesBuildPhase;
			buildActionMask = 2147483647;
			dstPath = "";
			dstSubfolderSpec = 10;
			files = (
			);
			name = "Embed Frameworks";
			runOnlyForDeploymentPostprocessing = 0;
		};
/* End PBXCopyFilesBuildPhase section */

/* Begin PBXFileReference section */
		A500ACDD2A6A4CEB00FAA79B /* AppDelegate.swift */ = {isa = PBXFileReference; lastKnownFileType = sourcecode.swift; path = AppDelegate.swift; sourceTree = "<group>"; };
		A500ACDF2A6A4CEB00FAA79B /* SceneDelegate.swift */ = {isa = PBXFileReference; lastKnownFileType = sourcecode.swift; path = SceneDelegate.swift; sourceTree = "<group>"; };
		A500ACE62A6A4CEB00FAA79B /* Assets.xcassets */ = {isa = PBXFileReference; lastKnownFileType = folder.assetcatalog; path = Assets.xcassets; sourceTree = "<group>"; };
		A500ACE92A6A4CEB00FAA79B /* Base */ = {isa = PBXFileReference; lastKnownFileType = file.storyboard; name = Base; path = Base.lproj/LaunchScreen.storyboard; sourceTree = "<group>"; };
		A500ACEB2A6A4CEB00FAA79B /* Info.plist */ = {isa = PBXFileReference; lastKnownFileType = text.plist.xml; path = Info.plist; sourceTree = "<group>"; };
		A52BA6522A6A56D300D9F90F /* DavidViewController.swift */ = {isa = PBXFileReference; fileEncoding = 4; lastKnownFileType = sourcecode.swift; path = DavidViewController.swift; sourceTree = "<group>"; };
		A52BA6532A6A56D300D9F90F /* DavidView.swift */ = {isa = PBXFileReference; fileEncoding = 4; lastKnownFileType = sourcecode.swift; path = DavidView.swift; sourceTree = "<group>"; };
		A52BA6552A6A56D300D9F90F /* GuideViewModel.swift */ = {isa = PBXFileReference; fileEncoding = 4; lastKnownFileType = sourcecode.swift; path = GuideViewModel.swift; sourceTree = "<group>"; };
		A52BA6562A6A56D300D9F90F /* GuideViewController.swift */ = {isa = PBXFileReference; fileEncoding = 4; lastKnownFileType = sourcecode.swift; path = GuideViewController.swift; sourceTree = "<group>"; };
		A52BA6572A6A56D300D9F90F /* GuideView.swift */ = {isa = PBXFileReference; fileEncoding = 4; lastKnownFileType = sourcecode.swift; path = GuideView.swift; sourceTree = "<group>"; };
		A52BA6582A6A56D300D9F90F /* DavidViewModel.swift */ = {isa = PBXFileReference; fileEncoding = 4; lastKnownFileType = sourcecode.swift; path = DavidViewModel.swift; sourceTree = "<group>"; };
		A52BA65F2A6A56FE00D9F90F /* MainView.swift */ = {isa = PBXFileReference; lastKnownFileType = sourcecode.swift; path = MainView.swift; sourceTree = "<group>"; };
		A52BA6612A6A571400D9F90F /* MainViewController.swift */ = {isa = PBXFileReference; lastKnownFileType = sourcecode.swift; path = MainViewController.swift; sourceTree = "<group>"; };
		A52BA6632A6A572100D9F90F /* MainViewModel.swift */ = {isa = PBXFileReference; lastKnownFileType = sourcecode.swift; path = MainViewModel.swift; sourceTree = "<group>"; };
		A56291372A6C130E0003ED1A /* DavidButton.swift */ = {isa = PBXFileReference; lastKnownFileType = sourcecode.swift; path = DavidButton.swift; sourceTree = "<group>"; };
		A56291392A6C134C0003ED1A /* DavidDivider.swift */ = {isa = PBXFileReference; lastKnownFileType = sourcecode.swift; path = DavidDivider.swift; sourceTree = "<group>"; };
		A562913B2A6C16940003ED1A /* DavidLabel.swift */ = {isa = PBXFileReference; lastKnownFileType = sourcecode.swift; path = DavidLabel.swift; sourceTree = "<group>"; };
		A562913E2A6C19EB0003ED1A /* DavidAssets.swift */ = {isa = PBXFileReference; lastKnownFileType = sourcecode.swift; path = DavidAssets.swift; sourceTree = "<group>"; };
		A56708AB2A6C07FC009EF1C8 /* David-iOS.app */ = {isa = PBXFileReference; explicitFileType = wrapper.application; includeInIndex = 0; path = "David-iOS.app"; sourceTree = BUILT_PRODUCTS_DIR; };
/* End PBXFileReference section */

/* Begin PBXFrameworksBuildPhase section */
		A500ACD72A6A4CEA00FAA79B /* Frameworks */ = {
			isa = PBXFrameworksBuildPhase;
			buildActionMask = 2147483647;
			files = (
				A56291332A6C128E0003ED1A /* RxRelay in Frameworks */,
				A56291192A6C111B0003ED1A /* Swinject in Frameworks */,
				A56291352A6C128E0003ED1A /* RxSwift in Frameworks */,
				A56291102A6C10DA0003ED1A /* FirebaseAuth in Frameworks */,
				A56291162A6C10DA0003ED1A /* FirebaseStorage in Frameworks */,
				A56291122A6C10DA0003ED1A /* FirebaseCrashlytics in Frameworks */,
				A562910E2A6C10DA0003ED1A /* FirebaseAnalyticsSwift in Frameworks */,
				A56291142A6C10DA0003ED1A /* FirebaseFirestoreSwift in Frameworks */,
				A56291312A6C128E0003ED1A /* RxCocoa in Frameworks */,
				A562912F2A6C128E0003ED1A /* RxBlocking in Frameworks */,
			);
			runOnlyForDeploymentPostprocessing = 0;
		};
/* End PBXFrameworksBuildPhase section */

/* Begin PBXGroup section */
		A500ACD12A6A4CEA00FAA79B = {
			isa = PBXGroup;
			children = (
				A500ACDC2A6A4CEB00FAA79B /* David-iOS */,
				A56708AB2A6C07FC009EF1C8 /* David-iOS.app */,
				A562911F2A6C121C0003ED1A /* Frameworks */,
			);
			sourceTree = "<group>";
		};
		A500ACDC2A6A4CEB00FAA79B /* David-iOS */ = {
			isa = PBXGroup;
			children = (
				A52BA64E2A6A566200D9F90F /* App */,
				A52BA64F2A6A566F00D9F90F /* Presentation */,
				A52BA64D2A6A562B00D9F90F /* Utils */,
				A52BA6652A6A574900D9F90F /* Resources */,
			);
			path = "David-iOS";
			sourceTree = "<group>";
		};
		A52BA64D2A6A562B00D9F90F /* Utils */ = {
			isa = PBXGroup;
			children = (
				A562913D2A6C19D40003ED1A /* Assets */,
			);
			path = Utils;
			sourceTree = "<group>";
		};
		A52BA64E2A6A566200D9F90F /* App */ = {
			isa = PBXGroup;
			children = (
				A500ACDD2A6A4CEB00FAA79B /* AppDelegate.swift */,
				A500ACDF2A6A4CEB00FAA79B /* SceneDelegate.swift */,
			);
			path = App;
			sourceTree = "<group>";
		};
		A52BA64F2A6A566F00D9F90F /* Presentation */ = {
			isa = PBXGroup;
			children = (
				A56291362A6C13010003ED1A /* Components */,
				A52BA6512A6A569000D9F90F /* Protocols */,
				A52BA6502A6A568800D9F90F /* Main */,
			);
			path = Presentation;
			sourceTree = "<group>";
		};
		A52BA6502A6A568800D9F90F /* Main */ = {
			isa = PBXGroup;
			children = (
				A52BA65F2A6A56FE00D9F90F /* MainView.swift */,
				A52BA6612A6A571400D9F90F /* MainViewController.swift */,
				A52BA6632A6A572100D9F90F /* MainViewModel.swift */,
			);
			path = Main;
			sourceTree = "<group>";
		};
		A52BA6512A6A569000D9F90F /* Protocols */ = {
			isa = PBXGroup;
			children = (
				A52BA6532A6A56D300D9F90F /* DavidView.swift */,
				A52BA6522A6A56D300D9F90F /* DavidViewController.swift */,
				A52BA6582A6A56D300D9F90F /* DavidViewModel.swift */,
				A52BA6542A6A56D300D9F90F /* Guides */,
			);
			path = Protocols;
			sourceTree = "<group>";
		};
		A52BA6542A6A56D300D9F90F /* Guides */ = {
			isa = PBXGroup;
			children = (
				A52BA6552A6A56D300D9F90F /* GuideViewModel.swift */,
				A52BA6562A6A56D300D9F90F /* GuideViewController.swift */,
				A52BA6572A6A56D300D9F90F /* GuideView.swift */,
			);
			path = Guides;
			sourceTree = "<group>";
		};
		A52BA6652A6A574900D9F90F /* Resources */ = {
			isa = PBXGroup;
			children = (
				A500ACE62A6A4CEB00FAA79B /* Assets.xcassets */,
				A500ACE82A6A4CEB00FAA79B /* LaunchScreen.storyboard */,
				A500ACEB2A6A4CEB00FAA79B /* Info.plist */,
			);
			path = Resources;
			sourceTree = "<group>";
		};
		A562911F2A6C121C0003ED1A /* Frameworks */ = {
			isa = PBXGroup;
			children = (
			);
			name = Frameworks;
			sourceTree = "<group>";
		};
		A56291362A6C13010003ED1A /* Components */ = {
			isa = PBXGroup;
			children = (
				A56291372A6C130E0003ED1A /* DavidButton.swift */,
				A56291392A6C134C0003ED1A /* DavidDivider.swift */,
				A562913B2A6C16940003ED1A /* DavidLabel.swift */,
			);
			path = Components;
			sourceTree = "<group>";
		};
		A562913D2A6C19D40003ED1A /* Assets */ = {
			isa = PBXGroup;
			children = (
				A562913E2A6C19EB0003ED1A /* DavidAssets.swift */,
			);
			path = Assets;
			sourceTree = "<group>";
		};
/* End PBXGroup section */

/* Begin PBXNativeTarget section */
		A500ACD92A6A4CEA00FAA79B /* David-iOS */ = {
			isa = PBXNativeTarget;
			buildConfigurationList = A500ACEE2A6A4CEB00FAA79B /* Build configuration list for PBXNativeTarget "David-iOS" */;
			buildPhases = (
				A500ACD62A6A4CEA00FAA79B /* Sources */,
				A500ACD72A6A4CEA00FAA79B /* Frameworks */,
				A500ACD82A6A4CEA00FAA79B /* Resources */,
				A562911E2A6C11BA0003ED1A /* Embed Frameworks */,
			);
			buildRules = (
			);
			dependencies = (
			);
			name = "David-iOS";
			packageProductDependencies = (
				A562910D2A6C10DA0003ED1A /* FirebaseAnalyticsSwift */,
				A562910F2A6C10DA0003ED1A /* FirebaseAuth */,
				A56291112A6C10DA0003ED1A /* FirebaseCrashlytics */,
				A56291132A6C10DA0003ED1A /* FirebaseFirestoreSwift */,
				A56291152A6C10DA0003ED1A /* FirebaseStorage */,
				A56291182A6C111B0003ED1A /* Swinject */,
				A562912E2A6C128E0003ED1A /* RxBlocking */,
				A56291302A6C128E0003ED1A /* RxCocoa */,
				A56291322A6C128E0003ED1A /* RxRelay */,
				A56291342A6C128E0003ED1A /* RxSwift */,
			);
			productName = "David-iOS";
			productReference = A56708AB2A6C07FC009EF1C8 /* David-iOS.app */;
			productType = "com.apple.product-type.application";
		};
/* End PBXNativeTarget section */

/* Begin PBXProject section */
		A500ACD22A6A4CEA00FAA79B /* Project object */ = {
			isa = PBXProject;
			attributes = {
				BuildIndependentTargetsInParallel = 1;
				LastSwiftUpdateCheck = 1430;
				LastUpgradeCheck = 1430;
				TargetAttributes = {
					A500ACD92A6A4CEA00FAA79B = {
						CreatedOnToolsVersion = 14.3.1;
					};
				};
			};
			buildConfigurationList = A500ACD52A6A4CEA00FAA79B /* Build configuration list for PBXProject "David-iOS" */;
			compatibilityVersion = "Xcode 14.0";
			developmentRegion = en;
			hasScannedForEncodings = 0;
			knownRegions = (
				en,
				Base,
			);
			mainGroup = A500ACD12A6A4CEA00FAA79B;
			packageReferences = (
				A562910C2A6C10DA0003ED1A /* XCRemoteSwiftPackageReference "firebase-ios-sdk" */,
				A56291172A6C111B0003ED1A /* XCRemoteSwiftPackageReference "Swinject" */,
				A562912D2A6C128E0003ED1A /* XCRemoteSwiftPackageReference "RxSwift" */,
			);
			productRefGroup = A500ACD12A6A4CEA00FAA79B;
			projectDirPath = "";
			projectRoot = "";
			targets = (
				A500ACD92A6A4CEA00FAA79B /* David-iOS */,
			);
		};
/* End PBXProject section */

/* Begin PBXResourcesBuildPhase section */
		A500ACD82A6A4CEA00FAA79B /* Resources */ = {
			isa = PBXResourcesBuildPhase;
			buildActionMask = 2147483647;
			files = (
				A500ACEA2A6A4CEB00FAA79B /* LaunchScreen.storyboard in Resources */,
				A500ACE72A6A4CEB00FAA79B /* Assets.xcassets in Resources */,
			);
			runOnlyForDeploymentPostprocessing = 0;
		};
/* End PBXResourcesBuildPhase section */

/* Begin PBXSourcesBuildPhase section */
		A500ACD62A6A4CEA00FAA79B /* Sources */ = {
			isa = PBXSourcesBuildPhase;
			buildActionMask = 2147483647;
			files = (
				A56291382A6C130E0003ED1A /* DavidButton.swift in Sources */,
				A562913F2A6C19EB0003ED1A /* DavidAssets.swift in Sources */,
				A52BA65B2A6A56D300D9F90F /* GuideViewModel.swift in Sources */,
				A52BA6602A6A56FE00D9F90F /* MainView.swift in Sources */,
				A500ACDE2A6A4CEB00FAA79B /* AppDelegate.swift in Sources */,
				A52BA65A2A6A56D300D9F90F /* DavidView.swift in Sources */,
				A52BA65E2A6A56D300D9F90F /* DavidViewModel.swift in Sources */,
				A52BA6592A6A56D300D9F90F /* DavidViewController.swift in Sources */,
				A562913A2A6C134C0003ED1A /* DavidDivider.swift in Sources */,
				A52BA65D2A6A56D300D9F90F /* GuideView.swift in Sources */,
				A500ACE02A6A4CEB00FAA79B /* SceneDelegate.swift in Sources */,
				A52BA65C2A6A56D300D9F90F /* GuideViewController.swift in Sources */,
				A52BA6622A6A571400D9F90F /* MainViewController.swift in Sources */,
				A52BA6642A6A572100D9F90F /* MainViewModel.swift in Sources */,
				A562913C2A6C16940003ED1A /* DavidLabel.swift in Sources */,
			);
			runOnlyForDeploymentPostprocessing = 0;
		};
/* End PBXSourcesBuildPhase section */

/* Begin PBXVariantGroup section */
		A500ACE82A6A4CEB00FAA79B /* LaunchScreen.storyboard */ = {
			isa = PBXVariantGroup;
			children = (
				A500ACE92A6A4CEB00FAA79B /* Base */,
			);
			name = LaunchScreen.storyboard;
			sourceTree = "<group>";
		};
/* End PBXVariantGroup section */

/* Begin XCBuildConfiguration section */
		A500ACEC2A6A4CEB00FAA79B /* Debug */ = {
			isa = XCBuildConfiguration;
			buildSettings = {
				ALWAYS_SEARCH_USER_PATHS = NO;
				CLANG_ANALYZER_NONNULL = YES;
				CLANG_ANALYZER_NUMBER_OBJECT_CONVERSION = YES_AGGRESSIVE;
				CLANG_CXX_LANGUAGE_STANDARD = "gnu++20";
				CLANG_ENABLE_MODULES = YES;
				CLANG_ENABLE_OBJC_ARC = YES;
				CLANG_ENABLE_OBJC_WEAK = YES;
				CLANG_WARN_BLOCK_CAPTURE_AUTORELEASING = YES;
				CLANG_WARN_BOOL_CONVERSION = YES;
				CLANG_WARN_COMMA = YES;
				CLANG_WARN_CONSTANT_CONVERSION = YES;
				CLANG_WARN_DEPRECATED_OBJC_IMPLEMENTATIONS = YES;
				CLANG_WARN_DIRECT_OBJC_ISA_USAGE = YES_ERROR;
				CLANG_WARN_DOCUMENTATION_COMMENTS = YES;
				CLANG_WARN_EMPTY_BODY = YES;
				CLANG_WARN_ENUM_CONVERSION = YES;
				CLANG_WARN_INFINITE_RECURSION = YES;
				CLANG_WARN_INT_CONVERSION = YES;
				CLANG_WARN_NON_LITERAL_NULL_CONVERSION = YES;
				CLANG_WARN_OBJC_IMPLICIT_RETAIN_SELF = YES;
				CLANG_WARN_OBJC_LITERAL_CONVERSION = YES;
				CLANG_WARN_OBJC_ROOT_CLASS = YES_ERROR;
				CLANG_WARN_QUOTED_INCLUDE_IN_FRAMEWORK_HEADER = YES;
				CLANG_WARN_RANGE_LOOP_ANALYSIS = YES;
				CLANG_WARN_STRICT_PROTOTYPES = YES;
				CLANG_WARN_SUSPICIOUS_MOVE = YES;
				CLANG_WARN_UNGUARDED_AVAILABILITY = YES_AGGRESSIVE;
				CLANG_WARN_UNREACHABLE_CODE = YES;
				CLANG_WARN__DUPLICATE_METHOD_MATCH = YES;
				COPY_PHASE_STRIP = NO;
				DEBUG_INFORMATION_FORMAT = dwarf;
				ENABLE_STRICT_OBJC_MSGSEND = YES;
				ENABLE_TESTABILITY = YES;
				GCC_C_LANGUAGE_STANDARD = gnu11;
				GCC_DYNAMIC_NO_PIC = NO;
				GCC_NO_COMMON_BLOCKS = YES;
				GCC_OPTIMIZATION_LEVEL = 0;
				GCC_PREPROCESSOR_DEFINITIONS = (
					"DEBUG=1",
					"$(inherited)",
				);
				GCC_WARN_64_TO_32_BIT_CONVERSION = YES;
				GCC_WARN_ABOUT_RETURN_TYPE = YES_ERROR;
				GCC_WARN_UNDECLARED_SELECTOR = YES;
				GCC_WARN_UNINITIALIZED_AUTOS = YES_AGGRESSIVE;
				GCC_WARN_UNUSED_FUNCTION = YES;
				GCC_WARN_UNUSED_VARIABLE = YES;
				IPHONEOS_DEPLOYMENT_TARGET = 16.4;
				MTL_ENABLE_DEBUG_INFO = INCLUDE_SOURCE;
				MTL_FAST_MATH = YES;
				ONLY_ACTIVE_ARCH = YES;
				SDKROOT = iphoneos;
				SWIFT_ACTIVE_COMPILATION_CONDITIONS = DEBUG;
				SWIFT_OPTIMIZATION_LEVEL = "-Onone";
			};
			name = Debug;
		};
		A500ACED2A6A4CEB00FAA79B /* Release */ = {
			isa = XCBuildConfiguration;
			buildSettings = {
				ALWAYS_SEARCH_USER_PATHS = NO;
				CLANG_ANALYZER_NONNULL = YES;
				CLANG_ANALYZER_NUMBER_OBJECT_CONVERSION = YES_AGGRESSIVE;
				CLANG_CXX_LANGUAGE_STANDARD = "gnu++20";
				CLANG_ENABLE_MODULES = YES;
				CLANG_ENABLE_OBJC_ARC = YES;
				CLANG_ENABLE_OBJC_WEAK = YES;
				CLANG_WARN_BLOCK_CAPTURE_AUTORELEASING = YES;
				CLANG_WARN_BOOL_CONVERSION = YES;
				CLANG_WARN_COMMA = YES;
				CLANG_WARN_CONSTANT_CONVERSION = YES;
				CLANG_WARN_DEPRECATED_OBJC_IMPLEMENTATIONS = YES;
				CLANG_WARN_DIRECT_OBJC_ISA_USAGE = YES_ERROR;
				CLANG_WARN_DOCUMENTATION_COMMENTS = YES;
				CLANG_WARN_EMPTY_BODY = YES;
				CLANG_WARN_ENUM_CONVERSION = YES;
				CLANG_WARN_INFINITE_RECURSION = YES;
				CLANG_WARN_INT_CONVERSION = YES;
				CLANG_WARN_NON_LITERAL_NULL_CONVERSION = YES;
				CLANG_WARN_OBJC_IMPLICIT_RETAIN_SELF = YES;
				CLANG_WARN_OBJC_LITERAL_CONVERSION = YES;
				CLANG_WARN_OBJC_ROOT_CLASS = YES_ERROR;
				CLANG_WARN_QUOTED_INCLUDE_IN_FRAMEWORK_HEADER = YES;
				CLANG_WARN_RANGE_LOOP_ANALYSIS = YES;
				CLANG_WARN_STRICT_PROTOTYPES = YES;
				CLANG_WARN_SUSPICIOUS_MOVE = YES;
				CLANG_WARN_UNGUARDED_AVAILABILITY = YES_AGGRESSIVE;
				CLANG_WARN_UNREACHABLE_CODE = YES;
				CLANG_WARN__DUPLICATE_METHOD_MATCH = YES;
				COPY_PHASE_STRIP = NO;
				DEBUG_INFORMATION_FORMAT = "dwarf-with-dsym";
				ENABLE_NS_ASSERTIONS = NO;
				ENABLE_STRICT_OBJC_MSGSEND = YES;
				GCC_C_LANGUAGE_STANDARD = gnu11;
				GCC_NO_COMMON_BLOCKS = YES;
				GCC_WARN_64_TO_32_BIT_CONVERSION = YES;
				GCC_WARN_ABOUT_RETURN_TYPE = YES_ERROR;
				GCC_WARN_UNDECLARED_SELECTOR = YES;
				GCC_WARN_UNINITIALIZED_AUTOS = YES_AGGRESSIVE;
				GCC_WARN_UNUSED_FUNCTION = YES;
				GCC_WARN_UNUSED_VARIABLE = YES;
				IPHONEOS_DEPLOYMENT_TARGET = 16.4;
				MTL_ENABLE_DEBUG_INFO = NO;
				MTL_FAST_MATH = YES;
				SDKROOT = iphoneos;
				SWIFT_COMPILATION_MODE = wholemodule;
				SWIFT_OPTIMIZATION_LEVEL = "-O";
				VALIDATE_PRODUCT = YES;
			};
			name = Release;
		};
		A500ACEF2A6A4CEB00FAA79B /* Debug */ = {
			isa = XCBuildConfiguration;
			buildSettings = {
				ASSETCATALOG_COMPILER_APPICON_NAME = AppIcon;
				ASSETCATALOG_COMPILER_GLOBAL_ACCENT_COLOR_NAME = AccentColor;
				CODE_SIGN_STYLE = Automatic;
				CURRENT_PROJECT_VERSION = 1;
				DEVELOPMENT_TEAM = B2XR5545F7;
				GENERATE_INFOPLIST_FILE = YES;
				INFOPLIST_FILE = "David-iOS/Resources/Info.plist";
				INFOPLIST_KEY_LSApplicationCategoryType = "public.app-category.video";
				INFOPLIST_KEY_UIApplicationSupportsIndirectInputEvents = YES;
				INFOPLIST_KEY_UILaunchStoryboardName = LaunchScreen.storyboard;
				INFOPLIST_KEY_UISupportedInterfaceOrientations_iPad = "UIInterfaceOrientationPortrait UIInterfaceOrientationPortraitUpsideDown UIInterfaceOrientationLandscapeLeft UIInterfaceOrientationLandscapeRight";
				INFOPLIST_KEY_UISupportedInterfaceOrientations_iPhone = "UIInterfaceOrientationPortrait UIInterfaceOrientationLandscapeLeft UIInterfaceOrientationLandscapeRight";
				IPHONEOS_DEPLOYMENT_TARGET = 15.0;
				LD_RUNPATH_SEARCH_PATHS = (
					"$(inherited)",
					"@executable_path/Frameworks",
				);
				MARKETING_VERSION = 1.0;
				PRODUCT_BUNDLE_IDENTIFIER = "Jeonhui.David-iOS";
				PRODUCT_NAME = "$(TARGET_NAME)";
				SWIFT_EMIT_LOC_STRINGS = YES;
				SWIFT_VERSION = 5.0;
				TARGETED_DEVICE_FAMILY = "1,2";
			};
			name = Debug;
		};
		A500ACF02A6A4CEB00FAA79B /* Release */ = {
			isa = XCBuildConfiguration;
			buildSettings = {
				ASSETCATALOG_COMPILER_APPICON_NAME = AppIcon;
				ASSETCATALOG_COMPILER_GLOBAL_ACCENT_COLOR_NAME = AccentColor;
				CODE_SIGN_STYLE = Automatic;
				CURRENT_PROJECT_VERSION = 1;
				DEVELOPMENT_TEAM = B2XR5545F7;
				GENERATE_INFOPLIST_FILE = YES;
				INFOPLIST_FILE = "David-iOS/Resources/Info.plist";
				INFOPLIST_KEY_LSApplicationCategoryType = "public.app-category.video";
				INFOPLIST_KEY_UIApplicationSupportsIndirectInputEvents = YES;
				INFOPLIST_KEY_UILaunchStoryboardName = LaunchScreen.storyboard;
				INFOPLIST_KEY_UISupportedInterfaceOrientations_iPad = "UIInterfaceOrientationPortrait UIInterfaceOrientationPortraitUpsideDown UIInterfaceOrientationLandscapeLeft UIInterfaceOrientationLandscapeRight";
				INFOPLIST_KEY_UISupportedInterfaceOrientations_iPhone = "UIInterfaceOrientationPortrait UIInterfaceOrientationLandscapeLeft UIInterfaceOrientationLandscapeRight";
				IPHONEOS_DEPLOYMENT_TARGET = 15.0;
				LD_RUNPATH_SEARCH_PATHS = (
					"$(inherited)",
					"@executable_path/Frameworks",
				);
				MARKETING_VERSION = 1.0;
				PRODUCT_BUNDLE_IDENTIFIER = "Jeonhui.David-iOS";
				PRODUCT_NAME = "$(TARGET_NAME)";
				SWIFT_EMIT_LOC_STRINGS = YES;
				SWIFT_VERSION = 5.0;
				TARGETED_DEVICE_FAMILY = "1,2";
			};
			name = Release;
		};
/* End XCBuildConfiguration section */

/* Begin XCConfigurationList section */
		A500ACD52A6A4CEA00FAA79B /* Build configuration list for PBXProject "David-iOS" */ = {
			isa = XCConfigurationList;
			buildConfigurations = (
				A500ACEC2A6A4CEB00FAA79B /* Debug */,
				A500ACED2A6A4CEB00FAA79B /* Release */,
			);
			defaultConfigurationIsVisible = 0;
			defaultConfigurationName = Release;
		};
		A500ACEE2A6A4CEB00FAA79B /* Build configuration list for PBXNativeTarget "David-iOS" */ = {
			isa = XCConfigurationList;
			buildConfigurations = (
				A500ACEF2A6A4CEB00FAA79B /* Debug */,
				A500ACF02A6A4CEB00FAA79B /* Release */,
			);
			defaultConfigurationIsVisible = 0;
			defaultConfigurationName = Release;
		};
/* End XCConfigurationList section */

/* Begin XCRemoteSwiftPackageReference section */
		A562910C2A6C10DA0003ED1A /* XCRemoteSwiftPackageReference "firebase-ios-sdk" */ = {
			isa = XCRemoteSwiftPackageReference;
			repositoryURL = "https://github.com/firebase/firebase-ios-sdk.git";
			requirement = {
				kind = upToNextMajorVersion;
				minimumVersion = 10.0.0;
			};
		};
		A56291172A6C111B0003ED1A /* XCRemoteSwiftPackageReference "Swinject" */ = {
			isa = XCRemoteSwiftPackageReference;
			repositoryURL = "https://github.com/Swinject/Swinject.git";
			requirement = {
				kind = upToNextMajorVersion;
				minimumVersion = 2.0.0;
			};
		};
		A562912D2A6C128E0003ED1A /* XCRemoteSwiftPackageReference "RxSwift" */ = {
			isa = XCRemoteSwiftPackageReference;
			repositoryURL = "https://github.com/ReactiveX/RxSwift.git";
			requirement = {
				kind = upToNextMajorVersion;
				minimumVersion = 6.0.0;
			};
		};
/* End XCRemoteSwiftPackageReference section */

/* Begin XCSwiftPackageProductDependency section */
		A562910D2A6C10DA0003ED1A /* FirebaseAnalyticsSwift */ = {
			isa = XCSwiftPackageProductDependency;
			package = A562910C2A6C10DA0003ED1A /* XCRemoteSwiftPackageReference "firebase-ios-sdk" */;
			productName = FirebaseAnalyticsSwift;
		};
		A562910F2A6C10DA0003ED1A /* FirebaseAuth */ = {
			isa = XCSwiftPackageProductDependency;
			package = A562910C2A6C10DA0003ED1A /* XCRemoteSwiftPackageReference "firebase-ios-sdk" */;
			productName = FirebaseAuth;
		};
		A56291112A6C10DA0003ED1A /* FirebaseCrashlytics */ = {
			isa = XCSwiftPackageProductDependency;
			package = A562910C2A6C10DA0003ED1A /* XCRemoteSwiftPackageReference "firebase-ios-sdk" */;
			productName = FirebaseCrashlytics;
		};
		A56291132A6C10DA0003ED1A /* FirebaseFirestoreSwift */ = {
			isa = XCSwiftPackageProductDependency;
			package = A562910C2A6C10DA0003ED1A /* XCRemoteSwiftPackageReference "firebase-ios-sdk" */;
			productName = FirebaseFirestoreSwift;
		};
		A56291152A6C10DA0003ED1A /* FirebaseStorage */ = {
			isa = XCSwiftPackageProductDependency;
			package = A562910C2A6C10DA0003ED1A /* XCRemoteSwiftPackageReference "firebase-ios-sdk" */;
			productName = FirebaseStorage;
		};
		A56291182A6C111B0003ED1A /* Swinject */ = {
			isa = XCSwiftPackageProductDependency;
			package = A56291172A6C111B0003ED1A /* XCRemoteSwiftPackageReference "Swinject" */;
			productName = Swinject;
		};
		A562912E2A6C128E0003ED1A /* RxBlocking */ = {
			isa = XCSwiftPackageProductDependency;
			package = A562912D2A6C128E0003ED1A /* XCRemoteSwiftPackageReference "RxSwift" */;
			productName = RxBlocking;
		};
		A56291302A6C128E0003ED1A /* RxCocoa */ = {
			isa = XCSwiftPackageProductDependency;
			package = A562912D2A6C128E0003ED1A /* XCRemoteSwiftPackageReference "RxSwift" */;
			productName = RxCocoa;
		};
		A56291322A6C128E0003ED1A /* RxRelay */ = {
			isa = XCSwiftPackageProductDependency;
			package = A562912D2A6C128E0003ED1A /* XCRemoteSwiftPackageReference "RxSwift" */;
			productName = RxRelay;
		};
		A56291342A6C128E0003ED1A /* RxSwift */ = {
			isa = XCSwiftPackageProductDependency;
			package = A562912D2A6C128E0003ED1A /* XCRemoteSwiftPackageReference "RxSwift" */;
			productName = RxSwift;
		};
/* End XCSwiftPackageProductDependency section */
	};
	rootObject = A500ACD22A6A4CEA00FAA79B /* Project object */;
}
